
Microsoft Visual Studio Solution File, Format Version 11.00
# Visual Studio 2010
Project("{FAE04EC0-301F-11D3-BF4B-00C04F79EFBC}") = "ConsoleApplication2", "ConsoleApplication2\ConsoleApplication2.csproj", "{98D7B48D-4413-4C42-BFBD-0F28970685F8}"
EndProject
Project("{FAE04EC0-301F-11D3-BF4B-00C04F79EFBC}") = "ClassLibrary1", "ClassLibrary1\ClassLibrary1.csproj", "{09EA0A29-DAF9-4BA8-88CE-784586F5ADFA}"
EndProject
Project("{FAE04EC0-301F-11D3-BF4B-00C04F79EFBC}") = "DLL", "DLL\DLL.csproj", "{38307D57-0F5C-4155-8818-414F5F4C9261}"
EndProject
Global
	GlobalSection(SolutionConfigurationPlatforms) = preSolution
		Debug|Any CPU = Debug|Any CPU
		Debug|Mixed Platforms = Debug|Mixed Platforms
		Debug|x86 = Debug|x86
		Release|Any CPU = Release|Any CPU
		Release|Mixed Platforms = Release|Mixed Platforms
		Release|x86 = Release|x86
	EndGlobalSection
	GlobalSection(ProjectConfigurationPlatforms) = postSolution
		{98D7B48D-4413-4C42-BFBD-0F28970685F8}.Debug|Any CPU.ActiveCfg = Debug|x86
		{98D7B48D-4413-4C42-BFBD-0F28970685F8}.Debug|Mixed Platforms.ActiveCfg = Debug|x86
		{98D7B48D-4413-4C42-BFBD-0F28970685F8}.Debug|Mixed Platforms.Build.0 = Debug|x86
		{98D7B48D-4413-4C42-BFBD-0F28970685F8}.Debug|x86.ActiveCfg = Debug|x86
		{98D7B48D-4413-4C42-BFBD-0F28970685F8}.Debug|x86.Build.0 = Debug|x86
		{98D7B48D-4413-4C42-BFBD-0F28970685F8}.Release|Any CPU.ActiveCfg = Release|x86
		{98D7B48D-4413-4C42-BFBD-0F28970685F8}.Release|Mixed Platforms.ActiveCfg = Release|x86
		{98D7B48D-4413-4C42-BFBD-0F28970685F8}.Release|Mixed Platforms.Build.0 = Release|x86
		{98D7B48D-4413-4C42-BFBD-0F28970685F8}.Release|x86.ActiveCfg = Release|x86
		{98D7B48D-4413-4C42-BFBD-0F28970685F8}.Release|x86.Build.0 = Release|x86
		{09EA0A29-DAF9-4BA8-88CE-784586F5ADFA}.Debug|Any CPU.ActiveCfg = Debug|Any CPU
		{09EA0A29-DAF9-4BA8-88CE-784586F5ADFA}.Debug|Any CPU.Build.0 = Debug|Any CPU
		{09EA0A29-DAF9-4BA8-88CE-784586F5ADFA}.Debug|Mixed Platforms.ActiveCfg = Debug|Any CPU
		{09EA0A29-DAF9-4BA8-88CE-784586F5ADFA}.Debug|Mixed Platforms.Build.0 = Debug|Any CPU
		{09EA0A29-DAF9-4BA8-88CE-784586F5ADFA}.Debug|x86.ActiveCfg = Debug|Any CPU
		{09EA0A29-DAF9-4BA8-88CE-784586F5ADFA}.Release|Any CPU.ActiveCfg = Release|Any CPU
		{09EA0A29-DAF9-4BA8-88CE-784586F5ADFA}.Release|Any CPU.Build.0 = Release|Any CPU
		{09EA0A29-DAF9-4BA8-88CE-784586F5ADFA}.Release|Mixed Platforms.ActiveCfg = Release|Any CPU
		{09EA0A29-DAF9-4BA8-88CE-784586F5ADFA}.Release|Mixed Platforms.Build.0 = Release|Any CPU
		{09EA0A29-DAF9-4BA8-88CE-784586F5ADFA}.Release|x86.ActiveCfg = Release|Any CPU
		{38307D57-0F5C-4155-8818-414F5F4C9261}.Debug|Any CPU.ActiveCfg = Debug|Any CPU
		{38307D57-0F5C-4155-8818-414F5F4C9261}.Debug|Any CPU.Build.0 = Debug|Any CPU
		{38307D57-0F5C-4155-8818-414F5F4C9261}.Debug|Mixed Platforms.ActiveCfg = Debug|Any CPU
		{38307D57-0F5C-4155-8818-414F5F4C9261}.Debug|Mixed Platforms.Build.0 = Debug|Any CPU
		{38307D57-0F5C-4155-8818-414F5F4C9261}.Debug|x86.ActiveCfg = Debug|Any CPU
		{38307D57-0F5C-4155-8818-414F5F4C9261}.Release|Any CPU.ActiveCfg = Release|Any CPU
		{38307D57-0F5C-4155-8818-414F5F4C9261}.Release|Any CPU.Build.0 = Release|Any CPU
		{38307D57-0F5C-4155-8818-414F5F4C9261}.Release|Mixed Platforms.ActiveCfg = Release|Any CPU
		{38307D57-0F5C-4155-8818-414F5F4C9261}.Release|Mixed Platforms.Build.0 = Release|Any CPU
		{38307D57-0F5C-4155-8818-414F5F4C9261}.Release|x86.ActiveCfg = Release|Any CPU
	EndGlobalSection
	GlobalSection(SolutionProperties) = preSolution
		HideSolutionNode = FALSE
	EndGlobalSection
EndGlobal
